
Microsoft Visual Studio Solution File, Format Version 12.00
# Visual Studio Version 17
VisualStudioVersion = 17.8.34511.84
MinimumVisualStudioVersion = 10.0.40219.1
Project("{9A19103F-16F7-4668-BE54-9A1E7A4F7556}") = "WorkingWithFileSystems", "WorkingWithFileSystems\WorkingWithFileSystems.csproj", "{B2E86645-4517-4B5F-BCAD-29A4316919DA}"
EndProject
Project("{9A19103F-16F7-4668-BE54-9A1E7A4F7556}") = "WorkingWithStreams", "WorkingWithStreams\WorkingWithStreams.csproj", "{07ACB978-4930-4D9B-835F-B1C4B03A9406}"
EndProject
Project("{9A19103F-16F7-4668-BE54-9A1E7A4F7556}") = "WorkingWithTarArchives", "WorkingWithTarArchives\WorkingWithTarArchives.csproj", "{423235E5-A231-4BDD-8543-2FD3F6312E2F}"
EndProject
Project("{9A19103F-16F7-4668-BE54-9A1E7A4F7556}") = "WorkingWithEncodings", "WorkingWithEncodings\WorkingWithEncodings.csproj", "{8716A16B-8F42-4908-8EB1-AE43777FD354}"
EndProject
Project("{FAE04EC0-301F-11D3-BF4B-00C04F79EFBC}") = "WorkingWithSerialization", "WorkingWithSerialization\WorkingWithSerialization.csproj", "{5ABE81A6-83D0-4875-9EB9-ADB884F68887}"
EndProject
Project("{FAE04EC0-301F-11D3-BF4B-00C04F79EFBC}") = "WorkingWithJson", "WorkingWithJson\WorkingWithJson.csproj", "{CD617F68-E6AF-4DF6-B157-6CE8672409A7}"
EndProject
Project("{FAE04EC0-301F-11D3-BF4B-00C04F79EFBC}") = "Ch09Ex02SerializingShapes", "Ch09Ex02SerializingShapes\Ch09Ex02SerializingShapes.csproj", "{7BA595A7-BB0C-4D26-8F47-9474EBEAB67D}"
EndProject
Project("{FAE04EC0-301F-11D3-BF4B-00C04F79EFBC}") = "WorkingWithRandomAccess", "WorkingWithRandomAccess\WorkingWithRandomAccess.csproj", "{405F0A3F-A99F-4B1E-B016-4933ADAF8728}"
EndProject
Global
	GlobalSection(SolutionConfigurationPlatforms) = preSolution
		Debug|Any CPU = Debug|Any CPU
		Release|Any CPU = Release|Any CPU
	EndGlobalSection
	GlobalSection(ProjectConfigurationPlatforms) = postSolution
		{B2E86645-4517-4B5F-BCAD-29A4316919DA}.Debug|Any CPU.ActiveCfg = Debug|Any CPU
		{B2E86645-4517-4B5F-BCAD-29A4316919DA}.Debug|Any CPU.Build.0 = Debug|Any CPU
		{B2E86645-4517-4B5F-BCAD-29A4316919DA}.Release|Any CPU.ActiveCfg = Release|Any CPU
		{B2E86645-4517-4B5F-BCAD-29A4316919DA}.Release|Any CPU.Build.0 = Release|Any CPU
		{07ACB978-4930-4D9B-835F-B1C4B03A9406}.Debug|Any CPU.ActiveCfg = Debug|Any CPU
		{07ACB978-4930-4D9B-835F-B1C4B03A9406}.Debug|Any CPU.Build.0 = Debug|Any CPU
		{07ACB978-4930-4D9B-835F-B1C4B03A9406}.Release|Any CPU.ActiveCfg = Release|Any CPU
		{07ACB978-4930-4D9B-835F-B1C4B03A9406}.Release|Any CPU.Build.0 = Release|Any CPU
		{423235E5-A231-4BDD-8543-2FD3F6312E2F}.Debug|Any CPU.ActiveCfg = Debug|Any CPU
		{423235E5-A231-4BDD-8543-2FD3F6312E2F}.Debug|Any CPU.Build.0 = Debug|Any CPU
		{423235E5-A231-4BDD-8543-2FD3F6312E2F}.Release|Any CPU.ActiveCfg = Release|Any CPU
		{423235E5-A231-4BDD-8543-2FD3F6312E2F}.Release|Any CPU.Build.0 = Release|Any CPU
		{8716A16B-8F42-4908-8EB1-AE43777FD354}.Debug|Any CPU.ActiveCfg = Debug|Any CPU
		{8716A16B-8F42-4908-8EB1-AE43777FD354}.Debug|Any CPU.Build.0 = Debug|Any CPU
		{8716A16B-8F42-4908-8EB1-AE43777FD354}.Release|Any CPU.ActiveCfg = Release|Any CPU
		{8716A16B-8F42-4908-8EB1-AE43777FD354}.Release|Any CPU.Build.0 = Release|Any CPU
		{5ABE81A6-83D0-4875-9EB9-ADB884F68887}.Debug|Any CPU.ActiveCfg = Debug|Any CPU
		{5ABE81A6-83D0-4875-9EB9-ADB884F68887}.Debug|Any CPU.Build.0 = Debug|Any CPU
		{5ABE81A6-83D0-4875-9EB9-ADB884F68887}.Release|Any CPU.ActiveCfg = Release|Any CPU
		{5ABE81A6-83D0-4875-9EB9-ADB884F68887}.Release|Any CPU.Build.0 = Release|Any CPU
		{CD617F68-E6AF-4DF6-B157-6CE8672409A7}.Debug|Any CPU.ActiveCfg = Debug|Any CPU
		{CD617F68-E6AF-4DF6-B157-6CE8672409A7}.Debug|Any CPU.Build.0 = Debug|Any CPU
		{CD617F68-E6AF-4DF6-B157-6CE8672409A7}.Release|Any CPU.ActiveCfg = Release|Any CPU
		{CD617F68-E6AF-4DF6-B157-6CE8672409A7}.Release|Any CPU.Build.0 = Release|Any CPU
		{7BA595A7-BB0C-4D26-8F47-9474EBEAB67D}.Debug|Any CPU.ActiveCfg = Debug|Any CPU
		{7BA595A7-BB0C-4D26-8F47-9474EBEAB67D}.Debug|Any CPU.Build.0 = Debug|Any CPU
		{7BA595A7-BB0C-4D26-8F47-9474EBEAB67D}.Release|Any CPU.ActiveCfg = Release|Any CPU
		{7BA595A7-BB0C-4D26-8F47-9474EBEAB67D}.Release|Any CPU.Build.0 = Release|Any CPU
		{405F0A3F-A99F-4B1E-B016-4933ADAF8728}.Debug|Any CPU.ActiveCfg = Debug|Any CPU
		{405F0A3F-A99F-4B1E-B016-4933ADAF8728}.Debug|Any CPU.Build.0 = Debug|Any CPU
		{405F0A3F-A99F-4B1E-B016-4933ADAF8728}.Release|Any CPU.ActiveCfg = Release|Any CPU
		{405F0A3F-A99F-4B1E-B016-4933ADAF8728}.Release|Any CPU.Build.0 = Release|Any CPU
	EndGlobalSection
	GlobalSection(SolutionProperties) = preSolution
		HideSolutionNode = FALSE
	EndGlobalSection
	GlobalSection(ExtensibilityGlobals) = postSolution
		SolutionGuid = {13BF7E3D-D2B8-41F9-A884-53FF5DA42D6D}
	EndGlobalSection
EndGlobal
